Microsoft Visual Studio Solution File, Format Version 12.00
# Visual Studio Version 17
VisualStudioVersion = 17.0.31903.59
MinimumVisualStudioVersion = 10.0.40219.1
Project("{FAE04EC0-301F-11D3-BF4B-00C04F79EFBC}") = "OrderService.Interface.API", "src\Order Service\Interface\OrderService.Interface.API\OrderService.Interface.API.csproj", "{E88B57BA-6CF1-4092-8933-3C921A5EA792}"
EndProject
Project("{FAE04EC0-301F-11D3-BF4B-00C04F79EFBC}") = "OrderService.Domain.DataAccess", "src\Order Service\Domain\OrderService.Domain.DataAccess\OrderService.Domain.DataAccess.csproj", "{1578B798-6399-47D6-849C-7D922918A6B4}"
EndProject
Project("{FAE04EC0-301F-11D3-BF4B-00C04F79EFBC}") = "OrderService.Infrastructure", "src\Order Service\Infrastructure\OrderService.Infrastructure\OrderService.Infrastructure.csproj", "{F1A97FB9-06FA-485F-8937-4C92F7F236C2}"
EndProject
Project("{FAE04EC0-301F-11D3-BF4B-00C04F79EFBC}") = "OrderService.Infrastructure.EntityFramework", "src\Order Service\Infrastructure\OrderService.Infrastructure.EntityFramework\OrderService.Infrastructure.EntityFramework.csproj", "{0BE8CFB7-7636-4B6F-AC88-E67347C89D7E}"
EndProject
Project("{FAE04EC0-301F-11D3-BF4B-00C04F79EFBC}") = "OrderService.Infrastructure.ServiceClients", "src\Order Service\Infrastructure\OrderService.Infrastructure.ServiceClients\OrderService.Infrastructure.ServiceClients.csproj", "{18C25E8B-7F50-46BB-81F9-B03ED90D5590}"
EndProject
Project("{FAE04EC0-301F-11D3-BF4B-00C04F79EFBC}") = "OrderService.Infrastructure.BackgroundJobs", "src\Order Service\Infrastructure\OrderService.Infrastructure.BackgroundJobs\OrderService.Infrastructure.BackgroundJobs.csproj", "{BE9EC8E1-58A4-45DF-A0FB-22F5BF55C666}"
EndProject
Project("{FAE04EC0-301F-11D3-BF4B-00C04F79EFBC}") = "NotificationService.API", "src\Notification Service\NotificationService\NotificationService.API.csproj", "{0B088616-275C-4693-B155-BAE2D187BAEE}"
EndProject
Project("{2150E333-8FDC-42A3-9474-1A3956D46DE8}") = "src", "src", "{02EA681E-C7D8-13C7-8484-4AC65E1B71E8}"
EndProject
Project("{2150E333-8FDC-42A3-9474-1A3956D46DE8}") = "test", "test", "{5BAC1AA3-1F02-4905-94F5-46361BC764F8}"
EndProject
Project("{2150E333-8FDC-42A3-9474-1A3956D46DE8}") = "OrderService", "OrderService", "{F312ADB4-A39C-4CDB-A3FB-B479901B74C7}"
EndProject
Project("{2150E333-8FDC-42A3-9474-1A3956D46DE8}") = "Notification Service", "Notification Service", "{36858F40-E9F2-406F-90D8-B527B8CE83E5}"
EndProject
Project("{2150E333-8FDC-42A3-9474-1A3956D46DE8}") = "Domain", "Domain", "{4DC487D0-38DD-4FC0-A2BE-3E428ECC28C8}"
EndProject
Project("{2150E333-8FDC-42A3-9474-1A3956D46DE8}") = "Infrastructure", "Infrastructure", "{A8EE9136-74ED-4A67-9DEA-E10E59B3E8B6}"
EndProject
Project("{2150E333-8FDC-42A3-9474-1A3956D46DE8}") = "Interface", "Interface", "{7BD7DE80-72C6-47C9-9FB3-CD77693D9939}"
EndProject
Project("{2150E333-8FDC-42A3-9474-1A3956D46DE8}") = "Solution Items", "Solution Items", "{31482F71-4598-4E52-85CD-C2D121D3CB65}"
	ProjectSection(SolutionItems) = preProject
		.editorconfig = .editorconfig
	EndProjectSection
EndProject
Project("{2150E333-8FDC-42A3-9474-1A3956D46DE8}") = "OrderService", "OrderService", "{2D9D46D9-1E24-4A59-8CFE-E52DC8914D03}"
EndProject
Project("{2150E333-8FDC-42A3-9474-1A3956D46DE8}") = "Infrastructure", "Infrastructure", "{2A8E75B2-B463-4A80-840A-257C343A5C10}"
EndProject
Project("{2150E333-8FDC-42A3-9474-1A3956D46DE8}") = "Interface", "Interface", "{7DD40FCD-87B9-46B9-AAC5-03C6745728A7}"
EndProject
Project("{FAE04EC0-301F-11D3-BF4B-00C04F79EFBC}") = "OrderService.Infrastructure.BackgroundJobs.UnitTests", "test\Infrastructure\OrderService.Infrastructure.BackgroundJobs.UnitTests\OrderService.Infrastructure.BackgroundJobs.UnitTests.csproj", "{52ED9305-AFBD-3630-F927-D76D1802BB59}"
EndProject
Project("{FAE04EC0-301F-11D3-BF4B-00C04F79EFBC}") = "OrderService.Infrastructure.EntityFramework.UnitTests", "test\Infrastructure\OrderService.Infrastructure.EntityFramework.UnitTests\OrderService.Infrastructure.EntityFramework.UnitTests.csproj", "{01DE73D6-8A5F-AC25-B067-B2BE57DD92D7}"
EndProject
Project("{FAE04EC0-301F-11D3-BF4B-00C04F79EFBC}") = "OrderService.Infrastructure.ServiceClients.UnitTests", "test\Infrastructure\OrderService.Infrastructure.ServiceClients.UnitTests\OrderService.Infrastructure.ServiceClients.UnitTests.csproj", "{4D739F10-34BB-E728-524F-D7A60CF7ADB1}"
EndProject
Project("{FAE04EC0-301F-11D3-BF4B-00C04F79EFBC}") = "OrderService.Infrastructure.UnitTests", "test\Infrastructure\OrderService.Infrastructure.UnitTests\OrderService.Infrastructure.UnitTests.csproj", "{E5ECC904-31A8-017F-20E6-CA557763E128}"
EndProject
Project("{FAE04EC0-301F-11D3-BF4B-00C04F79EFBC}") = "OrderService.Interface.API.UnitTests", "test\Interface\OrderService.Interface.API.UnitTests\OrderService.Interface.API.UnitTests.csproj", "{B9DC4896-9E2B-4D87-8A3F-EFC76C2F03EC}"
EndProject
Global
	GlobalSection(SolutionConfigurationPlatforms) = preSolution
		Debug|Any CPU = Debug|Any CPU
		Release|Any CPU = Release|Any CPU
	EndGlobalSection
	GlobalSection(ProjectConfigurationPlatforms) = postSolution
		{E88B57BA-6CF1-4092-8933-3C921A5EA792}.Debug|Any CPU.ActiveCfg = Debug|Any CPU
		{E88B57BA-6CF1-4092-8933-3C921A5EA792}.Debug|Any CPU.Build.0 = Debug|Any CPU
		{E88B57BA-6CF1-4092-8933-3C921A5EA792}.Release|Any CPU.ActiveCfg = Release|Any CPU
		{E88B57BA-6CF1-4092-8933-3C921A5EA792}.Release|Any CPU.Build.0 = Release|Any CPU
		{1578B798-6399-47D6-849C-7D922918A6B4}.Debug|Any CPU.ActiveCfg = Debug|Any CPU
		{1578B798-6399-47D6-849C-7D922918A6B4}.Debug|Any CPU.Build.0 = Debug|Any CPU
		{1578B798-6399-47D6-849C-7D922918A6B4}.Release|Any CPU.ActiveCfg = Release|Any CPU
		{1578B798-6399-47D6-849C-7D922918A6B4}.Release|Any CPU.Build.0 = Release|Any CPU
		{F1A97FB9-06FA-485F-8937-4C92F7F236C2}.Debug|Any CPU.ActiveCfg = Debug|Any CPU
		{F1A97FB9-06FA-485F-8937-4C92F7F236C2}.Debug|Any CPU.Build.0 = Debug|Any CPU
		{F1A97FB9-06FA-485F-8937-4C92F7F236C2}.Release|Any CPU.ActiveCfg = Release|Any CPU
		{F1A97FB9-06FA-485F-8937-4C92F7F236C2}.Release|Any CPU.Build.0 = Release|Any CPU
		{0BE8CFB7-7636-4B6F-AC88-E67347C89D7E}.Debug|Any CPU.ActiveCfg = Debug|Any CPU
		{0BE8CFB7-7636-4B6F-AC88-E67347C89D7E}.Debug|Any CPU.Build.0 = Debug|Any CPU
		{0BE8CFB7-7636-4B6F-AC88-E67347C89D7E}.Release|Any CPU.ActiveCfg = Release|Any CPU
		{0BE8CFB7-7636-4B6F-AC88-E67347C89D7E}.Release|Any CPU.Build.0 = Release|Any CPU
		{18C25E8B-7F50-46BB-81F9-B03ED90D5590}.Debug|Any CPU.ActiveCfg = Debug|Any CPU
		{18C25E8B-7F50-46BB-81F9-B03ED90D5590}.Debug|Any CPU.Build.0 = Debug|Any CPU
		{18C25E8B-7F50-46BB-81F9-B03ED90D5590}.Release|Any CPU.ActiveCfg = Release|Any CPU
		{18C25E8B-7F50-46BB-81F9-B03ED90D5590}.Release|Any CPU.Build.0 = Release|Any CPU
		{BE9EC8E1-58A4-45DF-A0FB-22F5BF55C666}.Debug|Any CPU.ActiveCfg = Debug|Any CPU
		{BE9EC8E1-58A4-45DF-A0FB-22F5BF55C666}.Debug|Any CPU.Build.0 = Debug|Any CPU
		{BE9EC8E1-58A4-45DF-A0FB-22F5BF55C666}.Release|Any CPU.ActiveCfg = Release|Any CPU
		{BE9EC8E1-58A4-45DF-A0FB-22F5BF55C666}.Release|Any CPU.Build.0 = Release|Any CPU
		{0B088616-275C-4693-B155-BAE2D187BAEE}.Debug|Any CPU.ActiveCfg = Debug|Any CPU
		{0B088616-275C-4693-B155-BAE2D187BAEE}.Debug|Any CPU.Build.0 = Debug|Any CPU
		{0B088616-275C-4693-B155-BAE2D187BAEE}.Release|Any CPU.ActiveCfg = Release|Any CPU
		{0B088616-275C-4693-B155-BAE2D187BAEE}.Release|Any CPU.Build.0 = Release|Any CPU
		{52ED9305-AFBD-3630-F927-D76D1802BB59}.Debug|Any CPU.ActiveCfg = Debug|Any CPU
		{52ED9305-AFBD-3630-F927-D76D1802BB59}.Debug|Any CPU.Build.0 = Debug|Any CPU
		{52ED9305-AFBD-3630-F927-D76D1802BB59}.Release|Any CPU.ActiveCfg = Release|Any CPU
		{52ED9305-AFBD-3630-F927-D76D1802BB59}.Release|Any CPU.Build.0 = Release|Any CPU
		{01DE73D6-8A5F-AC25-B067-B2BE57DD92D7}.Debug|Any CPU.ActiveCfg = Debug|Any CPU
		{01DE73D6-8A5F-AC25-B067-B2BE57DD92D7}.Debug|Any CPU.Build.0 = Debug|Any CPU
		{01DE73D6-8A5F-AC25-B067-B2BE57DD92D7}.Release|Any CPU.ActiveCfg = Release|Any CPU
		{01DE73D6-8A5F-AC25-B067-B2BE57DD92D7}.Release|Any CPU.Build.0 = Release|Any CPU
		{4D739F10-34BB-E728-524F-D7A60CF7ADB1}.Debug|Any CPU.ActiveCfg = Debug|Any CPU
		{4D739F10-34BB-E728-524F-D7A60CF7ADB1}.Debug|Any CPU.Build.0 = Debug|Any CPU
		{4D739F10-34BB-E728-524F-D7A60CF7ADB1}.Release|Any CPU.ActiveCfg = Release|Any CPU
		{4D739F10-34BB-E728-524F-D7A60CF7ADB1}.Release|Any CPU.Build.0 = Release|Any CPU
		{E5ECC904-31A8-017F-20E6-CA557763E128}.Debug|Any CPU.ActiveCfg = Debug|Any CPU
		{E5ECC904-31A8-017F-20E6-CA557763E128}.Debug|Any CPU.Build.0 = Debug|Any CPU
		{E5ECC904-31A8-017F-20E6-CA557763E128}.Release|Any CPU.ActiveCfg = Release|Any CPU
		{E5ECC904-31A8-017F-20E6-CA557763E128}.Release|Any CPU.Build.0 = Release|Any CPU
		{B9DC4896-9E2B-4D87-8A3F-EFC76C2F03EC}.Debug|Any CPU.ActiveCfg = Debug|Any CPU
		{B9DC4896-9E2B-4D87-8A3F-EFC76C2F03EC}.Debug|Any CPU.Build.0 = Debug|Any CPU
		{B9DC4896-9E2B-4D87-8A3F-EFC76C2F03EC}.Release|Any CPU.ActiveCfg = Release|Any CPU
		{B9DC4896-9E2B-4D87-8A3F-EFC76C2F03EC}.Release|Any CPU.Build.0 = Release|Any CPU
	EndGlobalSection
	GlobalSection(SolutionProperties) = preSolution
		HideSolutionNode = FALSE
	EndGlobalSection
	GlobalSection(NestedProjects) = preSolution
		{E88B57BA-6CF1-4092-8933-3C921A5EA792} = {7BD7DE80-72C6-47C9-9FB3-CD77693D9939}
		{1578B798-6399-47D6-849C-7D922918A6B4} = {4DC487D0-38DD-4FC0-A2BE-3E428ECC28C8}
		{F1A97FB9-06FA-485F-8937-4C92F7F236C2} = {A8EE9136-74ED-4A67-9DEA-E10E59B3E8B6}
		{0BE8CFB7-7636-4B6F-AC88-E67347C89D7E} = {A8EE9136-74ED-4A67-9DEA-E10E59B3E8B6}
		{18C25E8B-7F50-46BB-81F9-B03ED90D5590} = {A8EE9136-74ED-4A67-9DEA-E10E59B3E8B6}
		{BE9EC8E1-58A4-45DF-A0FB-22F5BF55C666} = {A8EE9136-74ED-4A67-9DEA-E10E59B3E8B6}
		{0B088616-275C-4693-B155-BAE2D187BAEE} = {36858F40-E9F2-406F-90D8-B527B8CE83E5}
		{F312ADB4-A39C-4CDB-A3FB-B479901B74C7} = {02EA681E-C7D8-13C7-8484-4AC65E1B71E8}
		{36858F40-E9F2-406F-90D8-B527B8CE83E5} = {02EA681E-C7D8-13C7-8484-4AC65E1B71E8}
		{4DC487D0-38DD-4FC0-A2BE-3E428ECC28C8} = {F312ADB4-A39C-4CDB-A3FB-B479901B74C7}
		{A8EE9136-74ED-4A67-9DEA-E10E59B3E8B6} = {F312ADB4-A39C-4CDB-A3FB-B479901B74C7}
		{7BD7DE80-72C6-47C9-9FB3-CD77693D9939} = {F312ADB4-A39C-4CDB-A3FB-B479901B74C7}
		{2D9D46D9-1E24-4A59-8CFE-E52DC8914D03} = {5BAC1AA3-1F02-4905-94F5-46361BC764F8}
		{2A8E75B2-B463-4A80-840A-257C343A5C10} = {2D9D46D9-1E24-4A59-8CFE-E52DC8914D03}
		{7DD40FCD-87B9-46B9-AAC5-03C6745728A7} = {2D9D46D9-1E24-4A59-8CFE-E52DC8914D03}
		{52ED9305-AFBD-3630-F927-D76D1802BB59} = {2A8E75B2-B463-4A80-840A-257C343A5C10}
		{01DE73D6-8A5F-AC25-B067-B2BE57DD92D7} = {2A8E75B2-B463-4A80-840A-257C343A5C10}
		{4D739F10-34BB-E728-524F-D7A60CF7ADB1} = {2A8E75B2-B463-4A80-840A-257C343A5C10}
		{E5ECC904-31A8-017F-20E6-CA557763E128} = {2A8E75B2-B463-4A80-840A-257C343A5C10}
		{B9DC4896-9E2B-4D87-8A3F-EFC76C2F03EC} = {7DD40FCD-87B9-46B9-AAC5-03C6745728A7}
	EndGlobalSection
	GlobalSection(ExtensibilityGlobals) = postSolution
		SolutionGuid = {387F05B4-D973-4783-9826-30FBD83321B5}
	EndGlobalSection
EndGlobal
